
Microsoft Visual Studio Solution File, Format Version 12.00
# Visual Studio Version 17
VisualStudioVersion = 17.9.34723.18
MinimumVisualStudioVersion = 10.0.40219.1
Project("{FAE04EC0-301F-11D3-BF4B-00C04F79EFBC}") = "SankyouAutomat", "SankyouAutomat\SankyouAutomat.csproj", "{DC8E82D9-DBC7-4E07-8897-EFC391BEA756}"
EndProject
Global
	GlobalSection(SolutionConfigurationPlatforms) = preSolution
		Debug|Any CPU = Debug|Any CPU
		Release|Any CPU = Release|Any CPU
	EndGlobalSection
	GlobalSection(ProjectConfigurationPlatforms) = postSolution
		{DC8E82D9-DBC7-4E07-8897-EFC391BEA756}.Debug|Any CPU.ActiveCfg = Debug|Any CPU
		{DC8E82D9-DBC7-4E07-8897-EFC391BEA756}.Debug|Any CPU.Build.0 = Debug|Any CPU
		{DC8E82D9-DBC7-4E07-8897-EFC391BEA756}.Release|Any CPU.ActiveCfg = Release|Any CPU
		{DC8E82D9-DBC7-4E07-8897-EFC391BEA756}.Release|Any CPU.Build.0 = Release|Any CPU
	EndGlobalSection
	GlobalSection(SolutionProperties) = preSolution
		HideSolutionNode = FALSE
	EndGlobalSection
	GlobalSection(ExtensibilityGlobals) = postSolution
		SolutionGuid = {41A10687-EB4F-47C1-828E-32E41DA27024}
	EndGlobalSection
EndGlobal
